
Microsoft Visual Studio Solution File, Format Version 12.00
# Visual Studio Version 16
VisualStudioVersion = 16.0.29418.71
MinimumVisualStudioVersion = 10.0.40219.1
Project("{FAE04EC0-301F-11D3-BF4B-00C04F79EFBC}") = "Lab9", "Lab9.csproj", "{838BE7EB-315B-4853-A216-58786095BD5C}"
EndProject
Global
	GlobalSection(SolutionConfigurationPlatforms) = preSolution
		Debug|Any CPU = Debug|Any CPU
		Release|Any CPU = Release|Any CPU
	EndGlobalSection
	GlobalSection(ProjectConfigurationPlatforms) = postSolution
		{838BE7EB-315B-4853-A216-58786095BD5C}.Debug|Any CPU.ActiveCfg = Debug|Any CPU
		{838BE7EB-315B-4853-A216-58786095BD5C}.Debug|Any CPU.Build.0 = Debug|Any CPU
		{838BE7EB-315B-4853-A216-58786095BD5C}.Release|Any CPU.ActiveCfg = Release|Any CPU
		{838BE7EB-315B-4853-A216-58786095BD5C}.Release|Any CPU.Build.0 = Release|Any CPU
	EndGlobalSection
	GlobalSection(SolutionProperties) = preSolution
		HideSolutionNode = FALSE
	EndGlobalSection
	GlobalSection(ExtensibilityGlobals) = postSolution
		SolutionGuid = {762BBD40-43B9-4E78-AF8B-857C47F46B6E}
	EndGlobalSection
EndGlobal
